
Microsoft Visual Studio Solution File, Format Version 12.00
# Visual Studio 15
VisualStudioVersion = 15.0.26124.0
MinimumVisualStudioVersion = 15.0.26124.0
Project("{FAE04EC0-301F-11D3-BF4B-00C04F79EFBC}") = "ProjAgil.WebAPI", "ProjAgil.WebAPI\ProjAgil.WebAPI.csproj", "{CACF6E7E-CC8E-4F83-94EF-F01788A8F2B2}"
EndProject
Project("{FAE04EC0-301F-11D3-BF4B-00C04F79EFBC}") = "ProAgil.Domain", "ProAgil.Domain\ProAgil.Domain.csproj", "{B2BDF349-5C4C-41DC-AD08-32C79943F667}"
EndProject
Project("{FAE04EC0-301F-11D3-BF4B-00C04F79EFBC}") = "ProAgil.Repository", "ProAgil.Repository\ProAgil.Repository.csproj", "{9EE07772-2B98-454A-B09D-F3572FDB3F3F}"
EndProject
Global
	GlobalSection(SolutionConfigurationPlatforms) = preSolution
		Debug|Any CPU = Debug|Any CPU
		Debug|x64 = Debug|x64
		Debug|x86 = Debug|x86
		Release|Any CPU = Release|Any CPU
		Release|x64 = Release|x64
		Release|x86 = Release|x86
	EndGlobalSection
	GlobalSection(SolutionProperties) = preSolution
		HideSolutionNode = FALSE
	EndGlobalSection
	GlobalSection(ProjectConfigurationPlatforms) = postSolution
		{CACF6E7E-CC8E-4F83-94EF-F01788A8F2B2}.Debug|Any CPU.ActiveCfg = Debug|Any CPU
		{CACF6E7E-CC8E-4F83-94EF-F01788A8F2B2}.Debug|Any CPU.Build.0 = Debug|Any CPU
		{CACF6E7E-CC8E-4F83-94EF-F01788A8F2B2}.Debug|x64.ActiveCfg = Debug|Any CPU
		{CACF6E7E-CC8E-4F83-94EF-F01788A8F2B2}.Debug|x64.Build.0 = Debug|Any CPU
		{CACF6E7E-CC8E-4F83-94EF-F01788A8F2B2}.Debug|x86.ActiveCfg = Debug|Any CPU
		{CACF6E7E-CC8E-4F83-94EF-F01788A8F2B2}.Debug|x86.Build.0 = Debug|Any CPU
		{CACF6E7E-CC8E-4F83-94EF-F01788A8F2B2}.Release|Any CPU.ActiveCfg = Release|Any CPU
		{CACF6E7E-CC8E-4F83-94EF-F01788A8F2B2}.Release|Any CPU.Build.0 = Release|Any CPU
		{CACF6E7E-CC8E-4F83-94EF-F01788A8F2B2}.Release|x64.ActiveCfg = Release|Any CPU
		{CACF6E7E-CC8E-4F83-94EF-F01788A8F2B2}.Release|x64.Build.0 = Release|Any CPU
		{CACF6E7E-CC8E-4F83-94EF-F01788A8F2B2}.Release|x86.ActiveCfg = Release|Any CPU
		{CACF6E7E-CC8E-4F83-94EF-F01788A8F2B2}.Release|x86.Build.0 = Release|Any CPU
		{B2BDF349-5C4C-41DC-AD08-32C79943F667}.Debug|Any CPU.ActiveCfg = Debug|Any CPU
		{B2BDF349-5C4C-41DC-AD08-32C79943F667}.Debug|Any CPU.Build.0 = Debug|Any CPU
		{B2BDF349-5C4C-41DC-AD08-32C79943F667}.Debug|x64.ActiveCfg = Debug|Any CPU
		{B2BDF349-5C4C-41DC-AD08-32C79943F667}.Debug|x64.Build.0 = Debug|Any CPU
		{B2BDF349-5C4C-41DC-AD08-32C79943F667}.Debug|x86.ActiveCfg = Debug|Any CPU
		{B2BDF349-5C4C-41DC-AD08-32C79943F667}.Debug|x86.Build.0 = Debug|Any CPU
		{B2BDF349-5C4C-41DC-AD08-32C79943F667}.Release|Any CPU.ActiveCfg = Release|Any CPU
		{B2BDF349-5C4C-41DC-AD08-32C79943F667}.Release|Any CPU.Build.0 = Release|Any CPU
		{B2BDF349-5C4C-41DC-AD08-32C79943F667}.Release|x64.ActiveCfg = Release|Any CPU
		{B2BDF349-5C4C-41DC-AD08-32C79943F667}.Release|x64.Build.0 = Release|Any CPU
		{B2BDF349-5C4C-41DC-AD08-32C79943F667}.Release|x86.ActiveCfg = Release|Any CPU
		{B2BDF349-5C4C-41DC-AD08-32C79943F667}.Release|x86.Build.0 = Release|Any CPU
		{9EE07772-2B98-454A-B09D-F3572FDB3F3F}.Debug|Any CPU.ActiveCfg = Debug|Any CPU
		{9EE07772-2B98-454A-B09D-F3572FDB3F3F}.Debug|Any CPU.Build.0 = Debug|Any CPU
		{9EE07772-2B98-454A-B09D-F3572FDB3F3F}.Debug|x64.ActiveCfg = Debug|Any CPU
		{9EE07772-2B98-454A-B09D-F3572FDB3F3F}.Debug|x64.Build.0 = Debug|Any CPU
		{9EE07772-2B98-454A-B09D-F3572FDB3F3F}.Debug|x86.ActiveCfg = Debug|Any CPU
		{9EE07772-2B98-454A-B09D-F3572FDB3F3F}.Debug|x86.Build.0 = Debug|Any CPU
		{9EE07772-2B98-454A-B09D-F3572FDB3F3F}.Release|Any CPU.ActiveCfg = Release|Any CPU
		{9EE07772-2B98-454A-B09D-F3572FDB3F3F}.Release|Any CPU.Build.0 = Release|Any CPU
		{9EE07772-2B98-454A-B09D-F3572FDB3F3F}.Release|x64.ActiveCfg = Release|Any CPU
		{9EE07772-2B98-454A-B09D-F3572FDB3F3F}.Release|x64.Build.0 = Release|Any CPU
		{9EE07772-2B98-454A-B09D-F3572FDB3F3F}.Release|x86.ActiveCfg = Release|Any CPU
		{9EE07772-2B98-454A-B09D-F3572FDB3F3F}.Release|x86.Build.0 = Release|Any CPU
	EndGlobalSection
EndGlobal
